
Microsoft Visual Studio Solution File, Format Version 12.00
# Visual Studio 2012
Project("{8BC9CEB8-8B4A-11D0-8D11-00A0C91BC942}") = "szimat", "szimat.vcxproj", "{5DFF24EC-AA0F-45F1-A3B9-8F6C77E6519F}"
EndProject
Project("{8BC9CEB8-8B4A-11D0-8D11-00A0C91BC942}") = "szatyor", "szatyor.vcxproj", "{7EE1F6A5-5533-4AE2-9262-10FAD628BE34}"
EndProject
Project("{8BC9CEB8-8B4A-11D0-8D11-00A0C91BC942}") = "shared", "shared.vcxproj", "{05C8105C-D117-4EF3-B9DE-D54EB77A226F}"
EndProject
Global
	GlobalSection(SolutionConfigurationPlatforms) = preSolution
		Debug|Win32 = Debug|Win32
		Release|Win32 = Release|Win32
	EndGlobalSection
	GlobalSection(ProjectConfigurationPlatforms) = postSolution
		{5DFF24EC-AA0F-45F1-A3B9-8F6C77E6519F}.Debug|Win32.ActiveCfg = Debug|Win32
		{5DFF24EC-AA0F-45F1-A3B9-8F6C77E6519F}.Debug|Win32.Build.0 = Debug|Win32
		{5DFF24EC-AA0F-45F1-A3B9-8F6C77E6519F}.Release|Win32.ActiveCfg = Release|Win32
		{5DFF24EC-AA0F-45F1-A3B9-8F6C77E6519F}.Release|Win32.Build.0 = Release|Win32
		{7EE1F6A5-5533-4AE2-9262-10FAD628BE34}.Debug|Win32.ActiveCfg = Debug|Win32
		{7EE1F6A5-5533-4AE2-9262-10FAD628BE34}.Debug|Win32.Build.0 = Debug|Win32
		{7EE1F6A5-5533-4AE2-9262-10FAD628BE34}.Release|Win32.ActiveCfg = Release|Win32
		{7EE1F6A5-5533-4AE2-9262-10FAD628BE34}.Release|Win32.Build.0 = Release|Win32
		{05C8105C-D117-4EF3-B9DE-D54EB77A226F}.Debug|Win32.ActiveCfg = Debug|Win32
		{05C8105C-D117-4EF3-B9DE-D54EB77A226F}.Debug|Win32.Build.0 = Debug|Win32
		{05C8105C-D117-4EF3-B9DE-D54EB77A226F}.Release|Win32.ActiveCfg = Release|Win32
		{05C8105C-D117-4EF3-B9DE-D54EB77A226F}.Release|Win32.Build.0 = Release|Win32
	EndGlobalSection
	GlobalSection(SolutionProperties) = preSolution
		HideSolutionNode = FALSE
	EndGlobalSection
EndGlobal
